
Microsoft Visual Studio Solution File, Format Version 12.00
# Visual Studio Version 17
VisualStudioVersion = 17.1.32414.318
MinimumVisualStudioVersion = 10.0.40219.1
Project("{9A19103F-16F7-4668-BE54-9A1E7A4F7556}") = "WebFrontend", "WebFrontend\WebFrontend.csproj", "{6992014A-1300-4804-B7B7-899DD56C848A}"
EndProject
Project("{FAE04EC0-301F-11D3-BF4B-00C04F79EFBC}") = "Domain", "Domain\Domain.csproj", "{11A48FBF-A2E9-48D6-B247-D23BBAE95CDD}"
EndProject
Global
	GlobalSection(SolutionConfigurationPlatforms) = preSolution
		Debug|Any CPU = Debug|Any CPU
		Release|Any CPU = Release|Any CPU
	EndGlobalSection
	GlobalSection(ProjectConfigurationPlatforms) = postSolution
		{6992014A-1300-4804-B7B7-899DD56C848A}.Debug|Any CPU.ActiveCfg = Debug|Any CPU
		{6992014A-1300-4804-B7B7-899DD56C848A}.Debug|Any CPU.Build.0 = Debug|Any CPU
		{6992014A-1300-4804-B7B7-899DD56C848A}.Release|Any CPU.ActiveCfg = Release|Any CPU
		{6992014A-1300-4804-B7B7-899DD56C848A}.Release|Any CPU.Build.0 = Release|Any CPU
		{11A48FBF-A2E9-48D6-B247-D23BBAE95CDD}.Debug|Any CPU.ActiveCfg = Debug|Any CPU
		{11A48FBF-A2E9-48D6-B247-D23BBAE95CDD}.Debug|Any CPU.Build.0 = Debug|Any CPU
		{11A48FBF-A2E9-48D6-B247-D23BBAE95CDD}.Release|Any CPU.ActiveCfg = Release|Any CPU
		{11A48FBF-A2E9-48D6-B247-D23BBAE95CDD}.Release|Any CPU.Build.0 = Release|Any CPU
	EndGlobalSection
	GlobalSection(SolutionProperties) = preSolution
		HideSolutionNode = FALSE
	EndGlobalSection
	GlobalSection(ExtensibilityGlobals) = postSolution
		SolutionGuid = {591F935A-91EA-4176-85E0-4778141002AE}
	EndGlobalSection
EndGlobal
